
Microsoft Visual Studio Solution File, Format Version 12.00
# Visual Studio Version 17
VisualStudioVersion = 17.5.002.0
MinimumVisualStudioVersion = 10.0.40219.1
Project("{9A19103F-16F7-4668-BE54-9A1E7A4F7556}") = "BE", "BE.csproj", "{59F32F14-44EF-49A8-BAA1-A7AC6478855E}"
EndProject
Global
	GlobalSection(SolutionConfigurationPlatforms) = preSolution
		Debug|Any CPU = Debug|Any CPU
		Release|Any CPU = Release|Any CPU
	EndGlobalSection
	GlobalSection(ProjectConfigurationPlatforms) = postSolution
		{59F32F14-44EF-49A8-BAA1-A7AC6478855E}.Debug|Any CPU.ActiveCfg = Debug|Any CPU
		{59F32F14-44EF-49A8-BAA1-A7AC6478855E}.Debug|Any CPU.Build.0 = Debug|Any CPU
		{59F32F14-44EF-49A8-BAA1-A7AC6478855E}.Release|Any CPU.ActiveCfg = Release|Any CPU
		{59F32F14-44EF-49A8-BAA1-A7AC6478855E}.Release|Any CPU.Build.0 = Release|Any CPU
	EndGlobalSection
	GlobalSection(SolutionProperties) = preSolution
		HideSolutionNode = FALSE
	EndGlobalSection
	GlobalSection(ExtensibilityGlobals) = postSolution
		SolutionGuid = {CAB2B873-1FEB-4DEE-BEFA-5F1E054921D9}
	EndGlobalSection
EndGlobal
